
Microsoft Visual Studio Solution File, Format Version 12.00
# Visual Studio Version 17
VisualStudioVersion = 17.7.34221.43
MinimumVisualStudioVersion = 10.0.40219.1
Project("{FAE04EC0-301F-11D3-BF4B-00C04F79EFBC}") = "BankPassword", "BankPassword.csproj", "{DDF5A195-2366-40FE-9B4C-0E63ABA7420F}"
EndProject
Global
	GlobalSection(SolutionConfigurationPlatforms) = preSolution
		Debug|Any CPU = Debug|Any CPU
		Release|Any CPU = Release|Any CPU
	EndGlobalSection
	GlobalSection(ProjectConfigurationPlatforms) = postSolution
		{DDF5A195-2366-40FE-9B4C-0E63ABA7420F}.Debug|Any CPU.ActiveCfg = Debug|Any CPU
		{DDF5A195-2366-40FE-9B4C-0E63ABA7420F}.Debug|Any CPU.Build.0 = Debug|Any CPU
		{DDF5A195-2366-40FE-9B4C-0E63ABA7420F}.Release|Any CPU.ActiveCfg = Release|Any CPU
		{DDF5A195-2366-40FE-9B4C-0E63ABA7420F}.Release|Any CPU.Build.0 = Release|Any CPU
	EndGlobalSection
	GlobalSection(SolutionProperties) = preSolution
		HideSolutionNode = FALSE
	EndGlobalSection
	GlobalSection(ExtensibilityGlobals) = postSolution
		SolutionGuid = {82D8BFE8-647E-4528-AA9B-6EEEA9300B21}
	EndGlobalSection
EndGlobal
